
Microsoft Visual Studio Solution File, Format Version 12.00
# Visual Studio 15
VisualStudioVersion = 15.0.26730.15
MinimumVisualStudioVersion = 10.0.40219.1
Project("{9A19103F-16F7-4668-BE54-9A1E7A4F7556}") = "AspNetCoreService", "AspNetCoreService\AspNetCoreService.csproj", "{D778417C-7C89-4A88-8DC2-960F5B8CD747}"
EndProject
Project("{9A19103F-16F7-4668-BE54-9A1E7A4F7556}") = "ConsoleApplication", "ConsoleApplication\ConsoleApplication.csproj", "{1BACE3B3-AC27-4268-B05E-6A0153C9AEA9}"
EndProject
Global
	GlobalSection(SolutionConfigurationPlatforms) = preSolution
		Debug|Any CPU = Debug|Any CPU
		Release|Any CPU = Release|Any CPU
	EndGlobalSection
	GlobalSection(ProjectConfigurationPlatforms) = postSolution
		{D778417C-7C89-4A88-8DC2-960F5B8CD747}.Debug|Any CPU.ActiveCfg = Debug|Any CPU
		{D778417C-7C89-4A88-8DC2-960F5B8CD747}.Debug|Any CPU.Build.0 = Debug|Any CPU
		{D778417C-7C89-4A88-8DC2-960F5B8CD747}.Release|Any CPU.ActiveCfg = Release|Any CPU
		{D778417C-7C89-4A88-8DC2-960F5B8CD747}.Release|Any CPU.Build.0 = Release|Any CPU
		{1BACE3B3-AC27-4268-B05E-6A0153C9AEA9}.Debug|Any CPU.ActiveCfg = Debug|Any CPU
		{1BACE3B3-AC27-4268-B05E-6A0153C9AEA9}.Debug|Any CPU.Build.0 = Debug|Any CPU
		{1BACE3B3-AC27-4268-B05E-6A0153C9AEA9}.Release|Any CPU.ActiveCfg = Release|Any CPU
		{1BACE3B3-AC27-4268-B05E-6A0153C9AEA9}.Release|Any CPU.Build.0 = Release|Any CPU
	EndGlobalSection
	GlobalSection(SolutionProperties) = preSolution
		HideSolutionNode = FALSE
	EndGlobalSection
	GlobalSection(ExtensibilityGlobals) = postSolution
		SolutionGuid = {76502FB2-5573-4482-8D69-C172D6519F2A}
	EndGlobalSection
EndGlobal
