
Microsoft Visual Studio Solution File, Format Version 12.00
# Visual Studio 15
VisualStudioVersion = 15.0.26730.15
MinimumVisualStudioVersion = 10.0.40219.1
Project("{9A19103F-16F7-4668-BE54-9A1E7A4F7556}") = "ConsoleApp1", "ConsoleApp1\ConsoleApp1.csproj", "{58636DB5-A10F-4566-8C7D-4BC1AB377AB5}"
EndProject
Project("{9A19103F-16F7-4668-BE54-9A1E7A4F7556}") = "AspNetCoreService", "AspNetCoreService\AspNetCoreService.csproj", "{D778417C-7C89-4A88-8DC2-960F5B8CD747}"
EndProject
Global
	GlobalSection(SolutionConfigurationPlatforms) = preSolution
		Debug|Any CPU = Debug|Any CPU
		Release|Any CPU = Release|Any CPU
	EndGlobalSection
	GlobalSection(ProjectConfigurationPlatforms) = postSolution
		{58636DB5-A10F-4566-8C7D-4BC1AB377AB5}.Debug|Any CPU.ActiveCfg = Debug|Any CPU
		{58636DB5-A10F-4566-8C7D-4BC1AB377AB5}.Debug|Any CPU.Build.0 = Debug|Any CPU
		{58636DB5-A10F-4566-8C7D-4BC1AB377AB5}.Release|Any CPU.ActiveCfg = Release|Any CPU
		{58636DB5-A10F-4566-8C7D-4BC1AB377AB5}.Release|Any CPU.Build.0 = Release|Any CPU
		{D778417C-7C89-4A88-8DC2-960F5B8CD747}.Debug|Any CPU.ActiveCfg = Debug|Any CPU
		{D778417C-7C89-4A88-8DC2-960F5B8CD747}.Debug|Any CPU.Build.0 = Debug|Any CPU
		{D778417C-7C89-4A88-8DC2-960F5B8CD747}.Release|Any CPU.ActiveCfg = Release|Any CPU
		{D778417C-7C89-4A88-8DC2-960F5B8CD747}.Release|Any CPU.Build.0 = Release|Any CPU
	EndGlobalSection
	GlobalSection(SolutionProperties) = preSolution
		HideSolutionNode = FALSE
	EndGlobalSection
	GlobalSection(ExtensibilityGlobals) = postSolution
		SolutionGuid = {76502FB2-5573-4482-8D69-C172D6519F2A}
	EndGlobalSection
EndGlobal
